// !$*UTF8*$!
{
	archiveVersion = 1;
	classes = {
	};
	objectVersion = 46;
	objects = {

/* Begin PBXBuildFile section */
		FDBA716B1ECB1D0B006C1354 /* AppDelegate.swift in Sources */ = {isa = PBXBuildFile; fileRef = FDBA716A1ECB1D0B006C1354 /* AppDelegate.swift */; };
		FDBA716D1ECB1D0B006C1354 /* ViewController.swift in Sources */ = {isa = PBXBuildFile; fileRef = FDBA716C1ECB1D0B006C1354 /* ViewController.swift */; };
		FDBA716F1ECB1D0B006C1354 /* Assets.xcassets in Resources */ = {isa = PBXBuildFile; fileRef = FDBA716E1ECB1D0B006C1354 /* Assets.xcassets */; };
		FDBA71721ECB1D0B006C1354 /* Main.storyboard in Resources */ = {isa = PBXBuildFile; fileRef = FDBA71701ECB1D0B006C1354 /* Main.storyboard */; };
/* End PBXBuildFile section */

/* Begin PBXFileReference section */
		FDBA71671ECB1D0B006C1354 /* Crawler.app */ = {isa = PBXFileReference; explicitFileType = wrapper.application; includeInIndex = 0; path = Crawler.app; sourceTree = BUILT_PRODUCTS_DIR; };
		FDBA716A1ECB1D0B006C1354 /* AppDelegate.swift */ = {isa = PBXFileReference; lastKnownFileType = sourcecode.swift; path = AppDelegate.swift; sourceTree = "<group>"; };
		FDBA716C1ECB1D0B006C1354 /* ViewController.swift */ = {isa = PBXFileReference; lastKnownFileType = sourcecode.swift; path = ViewController.swift; sourceTree = "<group>"; };
		FDBA716E1ECB1D0B006C1354 /* Assets.xcassets */ = {isa = PBXFileReference; lastKnownFileType = folder.assetcatalog; path = Assets.xcassets; sourceTree = "<group>"; };
		FDBA71711ECB1D0B006C1354 /* Base */ = {isa = PBXFileReference; lastKnownFileType = file.storyboard; name = Base; path = Base.lproj/Main.storyboard; sourceTree = "<group>"; };
		FDBA71731ECB1D0B006C1354 /* Info.plist */ = {isa = PBXFileReference; lastKnownFileType = text.plist.xml; path = Info.plist; sourceTree = "<group>"; };
/* End PBXFileReference section */

/* Begin PBXFrameworksBuildPhase section */
		FDBA71641ECB1D0B006C1354 /* Frameworks */ = {
			isa = PBXFrameworksBuildPhase;
			buildActionMask = 2147483647;
			files = (
			);
			runOnlyForDeploymentPostprocessing = 0;
		};
/* End PBXFrameworksBuildPhase section */

/* Begin PBXGroup section */
		FDBA715E1ECB1D0B006C1354 = {
			isa = PBXGroup;
			children = (
				FDBA71691ECB1D0B006C1354 /* Crawler */,
				FDBA71681ECB1D0B006C1354 /* Products */,
			);
			sourceTree = "<group>";
		};
		FDBA71681ECB1D0B006C1354 /* Products */ = {
			isa = PBXGroup;
			children = (
				FDBA71671ECB1D0B006C1354 /* Crawler.app */,
			);
			name = Products;
			sourceTree = "<group>";
		};
		FDBA71691ECB1D0B006C1354 /* Crawler */ = {
			isa = PBXGroup;
			children = (
				FDBA716A1ECB1D0B006C1354 /* AppDelegate.swift */,
				FDBA716C1ECB1D0B006C1354 /* ViewController.swift */,
				FDBA716E1ECB1D0B006C1354 /* Assets.xcassets */,
				FDBA71701ECB1D0B006C1354 /* Main.storyboard */,
				FDBA71731ECB1D0B006C1354 /* Info.plist */,
			);
			path = Crawler;
			sourceTree = "<group>";
		};
/* End PBXGroup section */

/* Begin PBXNativeTarget section */
		FDBA71661ECB1D0B006C1354 /* Crawler */ = {
			isa = PBXNativeTarget;
			buildConfigurationList = FDBA71761ECB1D0B006C1354 /* Build configuration list for PBXNativeTarget "Crawler" */;
			buildPhases = (
				FDBA71631ECB1D0B006C1354 /* Sources */,
				FDBA71641ECB1D0B006C1354 /* Frameworks */,
				FDBA71651ECB1D0B006C1354 /* Resources */,
			);
			buildRules = (
			);
			dependencies = (
			);
			name = Crawler;
			productName = Crawler;
			productReference = FDBA71671ECB1D0B006C1354 /* Crawler.app */;
			productType = "com.apple.product-type.application";
		};
/* End PBXNativeTarget section */

/* Begin PBXProject section */
		FDBA715F1ECB1D0B006C1354 /* Project object */ = {
			isa = PBXProject;
			attributes = {
				LastSwiftUpdateCheck = 0830;
				LastUpgradeCheck = 0830;
				ORGANIZATIONNAME = "Son Dang";
				TargetAttributes = {
					FDBA71661ECB1D0B006C1354 = {
						CreatedOnToolsVersion = 8.3.2;
						ProvisioningStyle = Automatic;
					};
				};
			};
			buildConfigurationList = FDBA71621ECB1D0B006C1354 /* Build configuration list for PBXProject "Crawler" */;
			compatibilityVersion = "Xcode 3.2";
			developmentRegion = English;
			hasScannedForEncodings = 0;
			knownRegions = (
				en,
				Base,
			);
			mainGroup = FDBA715E1ECB1D0B006C1354;
			productRefGroup = FDBA71681ECB1D0B006C1354 /* Products */;
			projectDirPath = "";
			projectRoot = "";
			targets = (
				FDBA71661ECB1D0B006C1354 /* Crawler */,
			);
		};
/* End PBXProject section */

/* Begin PBXResourcesBuildPhase section */
		FDBA71651ECB1D0B006C1354 /* Resources */ = {
			isa = PBXResourcesBuildPhase;
			buildActionMask = 2147483647;
			files = (
				FDBA716F1ECB1D0B006C1354 /* Assets.xcassets in Resources */,
				FDBA71721ECB1D0B006C1354 /* Main.storyboard in Resources */,
			);
			runOnlyForDeploymentPostprocessing = 0;
		};
/* End PBXResourcesBuildPhase section */

/* Begin PBXSourcesBuildPhase section */
		FDBA71631ECB1D0B006C1354 /* Sources */ = {
			isa = PBXSourcesBuildPhase;
			buildActionMask = 2147483647;
			files = (
				FDBA716D1ECB1D0B006C1354 /* ViewController.swift in Sources */,
				FDBA716B1ECB1D0B006C1354 /* AppDelegate.swift in Sources */,
			);
			runOnlyForDeploymentPostprocessing = 0;
		};
/* End PBXSourcesBuildPhase section */

/* Begin PBXVariantGroup section */
		FDBA71701ECB1D0B006C1354 /* Main.storyboard */ = {
			isa = PBXVariantGroup;
			children = (
				FDBA71711ECB1D0B006C1354 /* Base */,
			);
			name = Main.storyboard;
			sourceTree = "<group>";
		};
/* End PBXVariantGroup section */

/* Begin XCBuildConfiguration section */
		FDBA71741ECB1D0B006C1354 /* Debug */ = {
			isa = XCBuildConfiguration;
			buildSettings = {
				ALWAYS_SEARCH_USER_PATHS = NO;
				CLANG_ANALYZER_NONNULL = YES;
				CLANG_ANALYZER_NUMBER_OBJECT_CONVERSION = YES_AGGRESSIVE;
				CLANG_CXX_LANGUAGE_STANDARD = "gnu++0x";
				CLANG_CXX_LIBRARY = "libc++";
				CLANG_ENABLE_MODULES = YES;
				CLANG_ENABLE_OBJC_ARC = YES;
				CLANG_WARN_BOOL_CONVERSION = YES;
				CLANG_WARN_CONSTANT_CONVERSION = YES;
				CLANG_WARN_DIRECT_OBJC_ISA_USAGE = YES_ERROR;
				CLANG_WARN_DOCUMENTATION_COMMENTS = YES;
				CLANG_WARN_EMPTY_BODY = YES;
				CLANG_WARN_ENUM_CONVERSION = YES;
				CLANG_WARN_INFINITE_RECURSION = YES;
				CLANG_WARN_INT_CONVERSION = YES;
				CLANG_WARN_OBJC_ROOT_CLASS = YES_ERROR;
				CLANG_WARN_SUSPICIOUS_MOVE = YES;
				CLANG_WARN_UNREACHABLE_CODE = YES;
				CLANG_WARN__DUPLICATE_METHOD_MATCH = YES;
				CODE_SIGN_IDENTITY = "-";
				COPY_PHASE_STRIP = NO;
				DEBUG_INFORMATION_FORMAT = dwarf;
				ENABLE_STRICT_OBJC_MSGSEND = YES;
				ENABLE_TESTABILITY = YES;
				GCC_C_LANGUAGE_STANDARD = gnu99;
				GCC_DYNAMIC_NO_PIC = NO;
				GCC_NO_COMMON_BLOCKS = YES;
				GCC_OPTIMIZATION_LEVEL = 0;
				GCC_PREPROCESSOR_DEFINITIONS = (
					"DEBUG=1",
					"$(inherited)",
				);
				GCC_WARN_64_TO_32_BIT_CONVERSION = YES;
				GCC_WARN_ABOUT_RETURN_TYPE = YES_ERROR;
				GCC_WARN_UNDECLARED_SELECTOR = YES;
				GCC_WARN_UNINITIALIZED_AUTOS = YES_AGGRESSIVE;
				GCC_WARN_UNUSED_FUNCTION = YES;
				GCC_WARN_UNUSED_VARIABLE = YES;
				MACOSX_DEPLOYMENT_TARGET = 10.12;
				MTL_ENABLE_DEBUG_INFO = YES;
				ONLY_ACTIVE_ARCH = YES;
				SDKROOT = macosx;
				SWIFT_ACTIVE_COMPILATION_CONDITIONS = DEBUG;
				SWIFT_OPTIMIZATION_LEVEL = "-Onone";
			};
			name = Debug;
		};
		FDBA71751ECB1D0B006C1354 /* Release */ = {
			isa = XCBuildConfiguration;
			buildSettings = {
				ALWAYS_SEARCH_USER_PATHS = NO;
				CLANG_ANALYZER_NONNULL = YES;
				CLANG_ANALYZER_NUMBER_OBJECT_CONVERSION = YES_AGGRESSIVE;
				CLANG_CXX_LANGUAGE_STANDARD = "gnu++0x";
				CLANG_CXX_LIBRARY = "libc++";
				CLANG_ENABLE_MODULES = YES;
				CLANG_ENABLE_OBJC_ARC = YES;
				CLANG_WARN_BOOL_CONVERSION = YES;
				CLANG_WARN_CONSTANT_CONVERSION = YES;
				CLANG_WARN_DIRECT_OBJC_ISA_USAGE = YES_ERROR;
				CLANG_WARN_DOCUMENTATION_COMMENTS = YES;
				CLANG_WARN_EMPTY_BODY = YES;
				CLANG_WARN_ENUM_CONVERSION = YES;
				CLANG_WARN_INFINITE_RECURSION = YES;
				CLANG_WARN_INT_CONVERSION = YES;
				CLANG_WARN_OBJC_ROOT_CLASS = YES_ERROR;
				CLANG_WARN_SUSPICIOUS_MOVE = YES;
				CLANG_WARN_UNREACHABLE_CODE = YES;
				CLANG_WARN__DUPLICATE_METHOD_MATCH = YES;
				CODE_SIGN_IDENTITY = "-";
				COPY_PHASE_STRIP = NO;
				DEBUG_INFORMATION_FORMAT = "dwarf-with-dsym";
				ENABLE_NS_ASSERTIONS = NO;
				ENABLE_STRICT_OBJC_MSGSEND = YES;
				GCC_C_LANGUAGE_STANDARD = gnu99;
				GCC_NO_COMMON_BLOCKS = YES;
				GCC_WARN_64_TO_32_BIT_CONVERSION = YES;
				GCC_WARN_ABOUT_RETURN_TYPE = YES_ERROR;
				GCC_WARN_UNDECLARED_SELECTOR = YES;
				GCC_WARN_UNINITIALIZED_AUTOS = YES_AGGRESSIVE;
				GCC_WARN_UNUSED_FUNCTION = YES;
				GCC_WARN_UNUSED_VARIABLE = YES;
				MACOSX_DEPLOYMENT_TARGET = 10.12;
				MTL_ENABLE_DEBUG_INFO = NO;
				SDKROOT = macosx;
				SWIFT_OPTIMIZATION_LEVEL = "-Owholemodule";
			};
			name = Release;
		};
		FDBA71771ECB1D0B006C1354 /* Debug */ = {
			isa = XCBuildConfiguration;
			buildSettings = {
				ASSETCATALOG_COMPILER_APPICON_NAME = AppIcon;
				COMBINE_HIDPI_IMAGES = YES;
				INFOPLIST_FILE = Crawler/Info.plist;
				LD_RUNPATH_SEARCH_PATHS = "$(inherited) @executable_path/../Frameworks";
				PRODUCT_BUNDLE_IDENTIFIER = tiniSoft.Crawler;
				PRODUCT_NAME = "$(TARGET_NAME)";
				SWIFT_VERSION = 3.0;
			};
			name = Debug;
		};
		FDBA71781ECB1D0B006C1354 /* Release */ = {
			isa = XCBuildConfiguration;
			buildSettings = {
				ASSETCATALOG_COMPILER_APPICON_NAME = AppIcon;
				COMBINE_HIDPI_IMAGES = YES;
				INFOPLIST_FILE = Crawler/Info.plist;
				LD_RUNPATH_SEARCH_PATHS = "$(inherited) @executable_path/../Frameworks";
				PRODUCT_BUNDLE_IDENTIFIER = tiniSoft.Crawler;
				PRODUCT_NAME = "$(TARGET_NAME)";
				SWIFT_VERSION = 3.0;
			};
			name = Release;
		};
/* End XCBuildConfiguration section */

/* Begin XCConfigurationList section */
		FDBA71621ECB1D0B006C1354 /* Build configuration list for PBXProject "Crawler" */ = {
			isa = XCConfigurationList;
			buildConfigurations = (
				FDBA71741ECB1D0B006C1354 /* Debug */,
				FDBA71751ECB1D0B006C1354 /* Release */,
			);
			defaultConfigurationIsVisible = 0;
			defaultConfigurationName = Release;
		};
		FDBA71761ECB1D0B006C1354 /* Build configuration list for PBXNativeTarget "Crawler" */ = {
			isa = XCConfigurationList;
			buildConfigurations = (
				FDBA71771ECB1D0B006C1354 /* Debug */,
				FDBA71781ECB1D0B006C1354 /* Release */,
			);
			defaultConfigurationIsVisible = 0;
		};
/* End XCConfigurationList section */
	};
	rootObject = FDBA715F1ECB1D0B006C1354 /* Project object */;
}
